
Microsoft Visual Studio Solution File, Format Version 12.00
# Visual Studio Version 17
VisualStudioVersion = 17.11.35312.102
MinimumVisualStudioVersion = 10.0.40219.1
Project("{FAE04EC0-301F-11D3-BF4B-00C04F79EFBC}") = "Homework04Task1", "Homework04Task1.csproj", "{B2BC38AF-38EB-4C24-8860-2DC88EB058EE}"
EndProject
Global
	GlobalSection(SolutionConfigurationPlatforms) = preSolution
		Debug|Any CPU = Debug|Any CPU
		Release|Any CPU = Release|Any CPU
	EndGlobalSection
	GlobalSection(ProjectConfigurationPlatforms) = postSolution
		{B2BC38AF-38EB-4C24-8860-2DC88EB058EE}.Debug|Any CPU.ActiveCfg = Debug|Any CPU
		{B2BC38AF-38EB-4C24-8860-2DC88EB058EE}.Debug|Any CPU.Build.0 = Debug|Any CPU
		{B2BC38AF-38EB-4C24-8860-2DC88EB058EE}.Release|Any CPU.ActiveCfg = Release|Any CPU
		{B2BC38AF-38EB-4C24-8860-2DC88EB058EE}.Release|Any CPU.Build.0 = Release|Any CPU
	EndGlobalSection
	GlobalSection(SolutionProperties) = preSolution
		HideSolutionNode = FALSE
	EndGlobalSection
	GlobalSection(ExtensibilityGlobals) = postSolution
		SolutionGuid = {4E0D3E1C-0780-4B27-B539-97709F4EE10D}
	EndGlobalSection
EndGlobal
