
Microsoft Visual Studio Solution File, Format Version 12.00
# Visual Studio Version 17
VisualStudioVersion = 17.11.35312.102
MinimumVisualStudioVersion = 10.0.40219.1
Project("{FAE04EC0-301F-11D3-BF4B-00C04F79EFBC}") = "Homework08ATM", "Homework08ATM\Homework08ATM.csproj", "{FCE15CF3-AC41-4F2F-A681-47907339CD83}"
EndProject
Global
	GlobalSection(SolutionConfigurationPlatforms) = preSolution
		Debug|Any CPU = Debug|Any CPU
		Release|Any CPU = Release|Any CPU
	EndGlobalSection
	GlobalSection(ProjectConfigurationPlatforms) = postSolution
		{FCE15CF3-AC41-4F2F-A681-47907339CD83}.Debug|Any CPU.ActiveCfg = Debug|Any CPU
		{FCE15CF3-AC41-4F2F-A681-47907339CD83}.Debug|Any CPU.Build.0 = Debug|Any CPU
		{FCE15CF3-AC41-4F2F-A681-47907339CD83}.Release|Any CPU.ActiveCfg = Release|Any CPU
		{FCE15CF3-AC41-4F2F-A681-47907339CD83}.Release|Any CPU.Build.0 = Release|Any CPU
	EndGlobalSection
	GlobalSection(SolutionProperties) = preSolution
		HideSolutionNode = FALSE
	EndGlobalSection
	GlobalSection(ExtensibilityGlobals) = postSolution
		SolutionGuid = {98BEA6FF-1A85-4778-A97D-E63ECAADD14F}
	EndGlobalSection
EndGlobal
