
Microsoft Visual Studio Solution File, Format Version 12.00
# Visual Studio Version 17
VisualStudioVersion = 17.11.35312.102
MinimumVisualStudioVersion = 10.0.40219.1
Project("{FAE04EC0-301F-11D3-BF4B-00C04F79EFBC}") = "Class07-Classwork", "Class07-Classwork.csproj", "{F11A55ED-6B39-4D8E-9D57-FD7918EB5CF7}"
EndProject
Global
	GlobalSection(SolutionConfigurationPlatforms) = preSolution
		Debug|Any CPU = Debug|Any CPU
		Release|Any CPU = Release|Any CPU
	EndGlobalSection
	GlobalSection(ProjectConfigurationPlatforms) = postSolution
		{F11A55ED-6B39-4D8E-9D57-FD7918EB5CF7}.Debug|Any CPU.ActiveCfg = Debug|Any CPU
		{F11A55ED-6B39-4D8E-9D57-FD7918EB5CF7}.Debug|Any CPU.Build.0 = Debug|Any CPU
		{F11A55ED-6B39-4D8E-9D57-FD7918EB5CF7}.Release|Any CPU.ActiveCfg = Release|Any CPU
		{F11A55ED-6B39-4D8E-9D57-FD7918EB5CF7}.Release|Any CPU.Build.0 = Release|Any CPU
	EndGlobalSection
	GlobalSection(SolutionProperties) = preSolution
		HideSolutionNode = FALSE
	EndGlobalSection
	GlobalSection(ExtensibilityGlobals) = postSolution
		SolutionGuid = {23442870-D4FD-446F-93B6-07638809FE96}
	EndGlobalSection
EndGlobal
