
Microsoft Visual Studio Solution File, Format Version 12.00
# Visual Studio Version 17
VisualStudioVersion = 17.11.35312.102
MinimumVisualStudioVersion = 10.0.40219.1
Project("{FAE04EC0-301F-11D3-BF4B-00C04F79EFBC}") = "Classwork02", "Classwork02.csproj", "{D4FD6664-B753-4290-9843-7C4C749C4F20}"
EndProject
Global
	GlobalSection(SolutionConfigurationPlatforms) = preSolution
		Debug|Any CPU = Debug|Any CPU
		Release|Any CPU = Release|Any CPU
	EndGlobalSection
	GlobalSection(ProjectConfigurationPlatforms) = postSolution
		{D4FD6664-B753-4290-9843-7C4C749C4F20}.Debug|Any CPU.ActiveCfg = Debug|Any CPU
		{D4FD6664-B753-4290-9843-7C4C749C4F20}.Debug|Any CPU.Build.0 = Debug|Any CPU
		{D4FD6664-B753-4290-9843-7C4C749C4F20}.Release|Any CPU.ActiveCfg = Release|Any CPU
		{D4FD6664-B753-4290-9843-7C4C749C4F20}.Release|Any CPU.Build.0 = Release|Any CPU
	EndGlobalSection
	GlobalSection(SolutionProperties) = preSolution
		HideSolutionNode = FALSE
	EndGlobalSection
	GlobalSection(ExtensibilityGlobals) = postSolution
		SolutionGuid = {6A8B0A09-C6D3-43FF-B4D0-8C4A38453AB5}
	EndGlobalSection
EndGlobal
